{
  "name": "npm-test",
  "version": "1.0.0",
  "lockfileVersion": 3,
  "requires": true,
  "packages": {
    "": {
      "name": "npm-test",
      "version": "1.0.0",
      "license": "ISC",
      "dependencies": {
        "@wix/ecom": "^1.0.811",
        "@wix/essentials": "^0.1.9",
        "@wix/events": "^1.0.334",
        "@wix/stores": "^1.0.282",
        "lodash": "^4.17.21"
      },
      "devDependencies": {
        "@typescript/ata": "^0.9.7",
        "prettier": "^3.3.3",
        "typescript": "^5.6.3"
      }
    },
    "node_modules/@typescript/ata": {
      "version": "0.9.7",
      "resolved": "https://registry.npmjs.org/@typescript/ata/-/ata-0.9.7.tgz",
      "integrity": "sha512-CZx57/XGBKhYZ3ifchbERgUl9J6C7W3XC96ibM7axr7C32mG5dXTyrVAS3ZY88Jxlkvx4AZyZtDJyUuseHQkcQ==",
      "dev": true,
      "license": "MIT",
      "peerDependencies": {
        "typescript": ">=4.4.4"
      }
    },
    "node_modules/@wix/ecom": {
      "version": "1.0.814",
      "resolved": "https://registry.npmjs.org/@wix/ecom/-/ecom-1.0.814.tgz",
      "integrity": "sha512-GX2IIJ7tX/BFj67kUl2XBPt70Ljg0INNILfx1HlsusZqbCZ4llpMrAZa0GpHtqjoo3P7vNBNywa5mqFc8arGUQ==",
      "dependencies": {
        "@wix/ecom_abandoned-checkouts": "1.0.53",
        "@wix/ecom_additional-fees": "1.0.32",
        "@wix/ecom_back-in-stock-notifications": "1.0.57",
        "@wix/ecom_back-in-stock-settings": "1.0.42",
        "@wix/ecom_cart": "1.0.94",
        "@wix/ecom_checkout": "1.0.102",
        "@wix/ecom_checkout-content": "1.0.13",
        "@wix/ecom_checkout-settings": "1.0.58",
        "@wix/ecom_checkout-templates": "1.0.100",
        "@wix/ecom_currencies": "1.0.43",
        "@wix/ecom_current-cart": "1.0.94",
        "@wix/ecom_custom-triggers": "1.0.29",
        "@wix/ecom_delivery-profile": "1.0.26",
        "@wix/ecom_delivery-solutions": "1.0.7",
        "@wix/ecom_discount-rules": "1.0.59",
        "@wix/ecom_discounts": "1.0.11",
        "@wix/ecom_discounts-custom-trigger": "1.0.14",
        "@wix/ecom_draft-orders": "1.0.37",
        "@wix/ecom_gift-vouchers": "1.0.10",
        "@wix/ecom_gift-vouchers-provider": "1.0.10",
        "@wix/ecom_local-delivery-options": "1.0.16",
        "@wix/ecom_memberships": "1.0.5",
        "@wix/ecom_order-fulfillments": "1.0.53",
        "@wix/ecom_order-invoices": "1.0.46",
        "@wix/ecom_order-payment-requests": "1.0.17",
        "@wix/ecom_order-transactions": "1.0.74",
        "@wix/ecom_orders": "1.0.139",
        "@wix/ecom_orders-settings": "1.0.52",
        "@wix/ecom_payment-settings": "1.0.64",
        "@wix/ecom_pickup-locations": "1.0.16",
        "@wix/ecom_recommendations": "1.0.49",
        "@wix/ecom_recommendations-provider": "1.0.7",
        "@wix/ecom_shipping-options": "1.0.14",
        "@wix/ecom_shipping-rates": "1.0.49",
        "@wix/ecom_shippo-configurations": "1.0.21",
        "@wix/ecom_subscription-contracts": "1.0.4",
        "@wix/ecom_tips": "1.0.1",
        "@wix/ecom_totals-calculator": "1.0.18",
        "@wix/ecom_validations": "1.0.40"
      }
    },
    "node_modules/@wix/ecom_abandoned-checkouts": {
      "version": "1.0.53",
      "resolved": "https://registry.npmjs.org/@wix/ecom_abandoned-checkouts/-/ecom_abandoned-checkouts-1.0.53.tgz",
      "integrity": "sha512-akd6rFTlWTacmniOADZQGjE889q3Ps3QkBf8GRrHa/bVlh2LDZ/bqLegszILVm+VByHneT8qNt/7nQjo57Cc9A==",
      "dependencies": {
        "@wix/sdk-runtime": "^0.3.22",
        "@wix/sdk-types": "^1.12.4"
      }
    },
    "node_modules/@wix/ecom_additional-fees": {
      "version": "1.0.32",
      "resolved": "https://registry.npmjs.org/@wix/ecom_additional-fees/-/ecom_additional-fees-1.0.32.tgz",
      "integrity": "sha512-3x7r0RnxhLjipYG5Hk/3KJ1bTM/Mx3y+7qLhDFcwkqElrrf2FlCCO6034tX/KudAdDVvbnT5TrOz3dNWi4O74g==",
      "dependencies": {
        "@wix/sdk-runtime": "^0.3.22",
        "@wix/sdk-types": "^1.12.4"
      }
    },
    "node_modules/@wix/ecom_back-in-stock-notifications": {
      "version": "1.0.57",
      "resolved": "https://registry.npmjs.org/@wix/ecom_back-in-stock-notifications/-/ecom_back-in-stock-notifications-1.0.57.tgz",
      "integrity": "sha512-aFWjkuVGJ5VdUJrpj2QvGixAmXEMexk50MkYR6cG56NqEt7zmLiEPlEWznCS1/k+XqVANgxEilDwCrW9b/ty0w==",
      "dependencies": {
        "@wix/sdk-runtime": "^0.3.22",
        "@wix/sdk-types": "^1.12.4"
      }
    },
    "node_modules/@wix/ecom_back-in-stock-settings": {
      "version": "1.0.42",
      "resolved": "https://registry.npmjs.org/@wix/ecom_back-in-stock-settings/-/ecom_back-in-stock-settings-1.0.42.tgz",
      "integrity": "sha512-Yqiw0MB8U0tvIgqUFXP/+ygyGstLM2dcNcXZfGhsW+87Q1wIoGZIHjV/4bWYib0m0rGYOHac0OR2bsEaE+Y5NA==",
      "dependencies": {
        "@wix/sdk-runtime": "^0.3.22",
        "@wix/sdk-types": "^1.12.4"
      }
    },
    "node_modules/@wix/ecom_cart": {
      "version": "1.0.94",
      "resolved": "https://registry.npmjs.org/@wix/ecom_cart/-/ecom_cart-1.0.94.tgz",
      "integrity": "sha512-mUgWs/MPo9B1pTsZ2C24hsaRj6FZH/x0CLOz/KwboCOvzHVOOzjy9RPdp3qXJctD5y2lWVWQqwDYKMlZGyucdw==",
      "dependencies": {
        "@wix/sdk-runtime": "^0.3.22",
        "@wix/sdk-types": "^1.12.4"
      }
    },
    "node_modules/@wix/ecom_checkout": {
      "version": "1.0.102",
      "resolved": "https://registry.npmjs.org/@wix/ecom_checkout/-/ecom_checkout-1.0.102.tgz",
      "integrity": "sha512-4YuC2b64c7u/kLhXMFWDPC3gwP38QOiwSY5CE2vDC8UeGUv6s7Nr0B1J5plCXP3OVnoxs6Tv1GoVQjRtIxB+bA==",
      "dependencies": {
        "@wix/sdk-runtime": "^0.3.22",
        "@wix/sdk-types": "^1.12.4"
      }
    },
    "node_modules/@wix/ecom_checkout-content": {
      "version": "1.0.13",
      "resolved": "https://registry.npmjs.org/@wix/ecom_checkout-content/-/ecom_checkout-content-1.0.13.tgz",
      "integrity": "sha512-SyenrN2b9PGnVBv4LEgysTy7/iLKsiwUKtj5yV7OIHZsElnWpqt49kH0P/akvdVFlB0LyDWs7uSHD8fYe1WPCg==",
      "dependencies": {
        "@wix/sdk-runtime": "^0.3.22",
        "@wix/sdk-types": "^1.12.4"
      }
    },
    "node_modules/@wix/ecom_checkout-settings": {
      "version": "1.0.58",
      "resolved": "https://registry.npmjs.org/@wix/ecom_checkout-settings/-/ecom_checkout-settings-1.0.58.tgz",
      "integrity": "sha512-40TXfczi4Kfn9uyuUc+zX5t0Wu2n7edz6liWAWg4zX78i1Jfqeq6x8hOErBxR3OCU8X47+Rc3v68wG1NTN0HaQ==",
      "dependencies": {
        "@wix/sdk-runtime": "^0.3.22",
        "@wix/sdk-types": "^1.12.4"
      }
    },
    "node_modules/@wix/ecom_checkout-templates": {
      "version": "1.0.100",
      "resolved": "https://registry.npmjs.org/@wix/ecom_checkout-templates/-/ecom_checkout-templates-1.0.100.tgz",
      "integrity": "sha512-boix1mlZWxSc9IFfkiEVyjCs+QKXxCLb+djcvw3AtDRAhiNopoVcJXA2AqNbmx++afIOI3gbnPMXWpIsFuVfMg==",
      "dependencies": {
        "@wix/sdk-runtime": "^0.3.22",
        "@wix/sdk-types": "^1.12.4"
      }
    },
    "node_modules/@wix/ecom_currencies": {
      "version": "1.0.43",
      "resolved": "https://registry.npmjs.org/@wix/ecom_currencies/-/ecom_currencies-1.0.43.tgz",
      "integrity": "sha512-XARJ2K5t/TChJFztKI0pK+tLgeC/+8M3g115z/TjLg+55xhrX75yvL1s1ik7B4pWQBrL2fedN4CWJIK7yPfawg==",
      "dependencies": {
        "@wix/sdk-runtime": "^0.3.22",
        "@wix/sdk-types": "^1.12.4"
      }
    },
    "node_modules/@wix/ecom_current-cart": {
      "version": "1.0.94",
      "resolved": "https://registry.npmjs.org/@wix/ecom_current-cart/-/ecom_current-cart-1.0.94.tgz",
      "integrity": "sha512-RFSfysPvbzGiVOUX6hSFXvjbGzA2x8/YqObbUPBu103DUFQgvwGdobkzxiRSW2hz6ilnqSXVmhIBv6NRdc8dQQ==",
      "dependencies": {
        "@wix/sdk-runtime": "^0.3.22",
        "@wix/sdk-types": "^1.12.4"
      }
    },
    "node_modules/@wix/ecom_custom-triggers": {
      "version": "1.0.29",
      "resolved": "https://registry.npmjs.org/@wix/ecom_custom-triggers/-/ecom_custom-triggers-1.0.29.tgz",
      "integrity": "sha512-GFwdAPKdpH/LhJVfWvUSIDmfpLAbMrXUvq5J84cuXjmsN6GIaosmZ8nKsMfqHMkUkA38WD/DtpWNhvkSXI73xA==",
      "dependencies": {
        "@wix/sdk-runtime": "^0.3.22",
        "@wix/sdk-types": "^1.12.4"
      }
    },
    "node_modules/@wix/ecom_delivery-profile": {
      "version": "1.0.26",
      "resolved": "https://registry.npmjs.org/@wix/ecom_delivery-profile/-/ecom_delivery-profile-1.0.26.tgz",
      "integrity": "sha512-8fXseE2Z1CBn0Z42B3wXVQGGhiQh1AIlp/jv+1dBugeiQjMjzCj3+AWHpglHJNuq9+a3kjghK0yqYsHXpkg7mg==",
      "dependencies": {
        "@wix/sdk-runtime": "^0.3.22",
        "@wix/sdk-types": "^1.12.4"
      }
    },
    "node_modules/@wix/ecom_delivery-solutions": {
      "version": "1.0.7",
      "resolved": "https://registry.npmjs.org/@wix/ecom_delivery-solutions/-/ecom_delivery-solutions-1.0.7.tgz",
      "integrity": "sha512-JKsAOWkIDDYW8RvugD3HA7mbGlc/mmSnkiys6bCfd+urLsqi69D0u0z/OLCmbKx7Y2+kGiUX8wwtutDamVXBxQ==",
      "dependencies": {
        "@wix/sdk-runtime": "^0.3.22",
        "@wix/sdk-types": "^1.12.4"
      }
    },
    "node_modules/@wix/ecom_discount-rules": {
      "version": "1.0.59",
      "resolved": "https://registry.npmjs.org/@wix/ecom_discount-rules/-/ecom_discount-rules-1.0.59.tgz",
      "integrity": "sha512-8ddo+fpgMA+AvFI/hvkOi8VBgrXnRlwVGh63ghEaTEc8qCgAEvZlFc6D63peX8HVTBFqFSjRnKtjHSFFbvV35g==",
      "dependencies": {
        "@wix/sdk-runtime": "^0.3.22",
        "@wix/sdk-types": "^1.12.4"
      }
    },
    "node_modules/@wix/ecom_discounts": {
      "version": "1.0.11",
      "resolved": "https://registry.npmjs.org/@wix/ecom_discounts/-/ecom_discounts-1.0.11.tgz",
      "integrity": "sha512-w9PiphfPDdjvQjn3Qmt8SlHXrlspJ0tnVd88uRKf0q7uIFTom20gLkOaRve+Y3DfrPFCLaawll7cfs2//rEQrw==",
      "dependencies": {
        "@wix/sdk-runtime": "^0.3.22",
        "@wix/sdk-types": "^1.12.4"
      }
    },
    "node_modules/@wix/ecom_discounts-custom-trigger": {
      "version": "1.0.14",
      "resolved": "https://registry.npmjs.org/@wix/ecom_discounts-custom-trigger/-/ecom_discounts-custom-trigger-1.0.14.tgz",
      "integrity": "sha512-9tdfEl/8mYCacUcO8XM4e5LhgtoZmTN2ssh9pEz2yCJcu1IeeJWT08DnUwhSpRid9hN0C66k56wGi/SqDDxmVg==",
      "dependencies": {
        "@wix/sdk-runtime": "^0.3.22",
        "@wix/sdk-types": "^1.12.4"
      }
    },
    "node_modules/@wix/ecom_draft-orders": {
      "version": "1.0.37",
      "resolved": "https://registry.npmjs.org/@wix/ecom_draft-orders/-/ecom_draft-orders-1.0.37.tgz",
      "integrity": "sha512-s7f0xRHGxLx3QaVG+Xm7hlppJzJT16pCYoV31kjegG/MNCqZ4C2SQE8pxw/VzumJqLTt0xYW8eR8VhR0um4j4w==",
      "dependencies": {
        "@wix/sdk-runtime": "^0.3.22",
        "@wix/sdk-types": "^1.12.4"
      }
    },
    "node_modules/@wix/ecom_gift-vouchers": {
      "version": "1.0.10",
      "resolved": "https://registry.npmjs.org/@wix/ecom_gift-vouchers/-/ecom_gift-vouchers-1.0.10.tgz",
      "integrity": "sha512-ZlhHYUE5ON94yvgDN04gc54FAxcrqXFifCpy4Gu2rtjSbFN6yUKWjqhDKr8Slq2AYOBVH1IaqFbrsY02UX4Rbw==",
      "dependencies": {
        "@wix/sdk-runtime": "^0.3.22",
        "@wix/sdk-types": "^1.12.4"
      }
    },
    "node_modules/@wix/ecom_gift-vouchers-provider": {
      "version": "1.0.10",
      "resolved": "https://registry.npmjs.org/@wix/ecom_gift-vouchers-provider/-/ecom_gift-vouchers-provider-1.0.10.tgz",
      "integrity": "sha512-eaZSqprLrDvNsBmMn3hcK/+2jSIQ+kSg7x8OVmvBOw4excrTbu0THxsgXQRGYU6uP8+AGgN/zevqT0Dp676PQg==",
      "dependencies": {
        "@wix/sdk-runtime": "^0.3.22",
        "@wix/sdk-types": "^1.12.4"
      }
    },
    "node_modules/@wix/ecom_local-delivery-options": {
      "version": "1.0.16",
      "resolved": "https://registry.npmjs.org/@wix/ecom_local-delivery-options/-/ecom_local-delivery-options-1.0.16.tgz",
      "integrity": "sha512-Xg2Xwth5nnpdn/yJ3KInXZJm3H6XaGog5iLs62XgJhQeYgVIOlO4lrUlM2iA3JBYSftqtXc2evjhQbgQhxC/AQ==",
      "dependencies": {
        "@wix/sdk-runtime": "^0.3.22",
        "@wix/sdk-types": "^1.12.4"
      }
    },
    "node_modules/@wix/ecom_memberships": {
      "version": "1.0.5",
      "resolved": "https://registry.npmjs.org/@wix/ecom_memberships/-/ecom_memberships-1.0.5.tgz",
      "integrity": "sha512-EEDnO5Exhz5gUXj0EH6/7/8jTf1PeXPL4LPfAzV/fsUCKAERpSXEAIxZC4VEGYUJ7TJLQFi/WAfrEflQRtjaCg==",
      "dependencies": {
        "@wix/sdk-runtime": "^0.3.22",
        "@wix/sdk-types": "^1.12.4"
      }
    },
    "node_modules/@wix/ecom_order-fulfillments": {
      "version": "1.0.53",
      "resolved": "https://registry.npmjs.org/@wix/ecom_order-fulfillments/-/ecom_order-fulfillments-1.0.53.tgz",
      "integrity": "sha512-KDKaL7/Fl1cnIdWn6tRUC6IuacUM48Yz9KRT42lEIEuD89VraB7P2WrNmd+tEBomTI9k/vMidWWT0rX5IS8h/A==",
      "dependencies": {
        "@wix/sdk-runtime": "^0.3.22",
        "@wix/sdk-types": "^1.12.4"
      }
    },
    "node_modules/@wix/ecom_order-invoices": {
      "version": "1.0.46",
      "resolved": "https://registry.npmjs.org/@wix/ecom_order-invoices/-/ecom_order-invoices-1.0.46.tgz",
      "integrity": "sha512-IEH9qIVR996s1d6YPKA1Z2MPBxelAQv2i8Va3hRVXRmcB5v7mv93QB3wVETzspd7lnmg0yFLTMJ3fG+NuM5GSw==",
      "dependencies": {
        "@wix/sdk-runtime": "^0.3.22",
        "@wix/sdk-types": "^1.12.4"
      }
    },
    "node_modules/@wix/ecom_order-payment-requests": {
      "version": "1.0.17",
      "resolved": "https://registry.npmjs.org/@wix/ecom_order-payment-requests/-/ecom_order-payment-requests-1.0.17.tgz",
      "integrity": "sha512-aECPeOVxcIwGAInxnjuSQaTT+7pK209M3IumS4X7FMwprX3H2QDAPRjusAR1Co7qPFzlepsMN1CSBb5cr8CMFg==",
      "dependencies": {
        "@wix/sdk-runtime": "^0.3.22",
        "@wix/sdk-types": "^1.12.4"
      }
    },
    "node_modules/@wix/ecom_order-transactions": {
      "version": "1.0.74",
      "resolved": "https://registry.npmjs.org/@wix/ecom_order-transactions/-/ecom_order-transactions-1.0.74.tgz",
      "integrity": "sha512-perNDEaQRcYMRv/7tl7QFBEVJmvw/j52vhBFWBneM+CoN3fHI8grHIaK3RhbchrNF1gA19/ykVrwLhSWxXhAWw==",
      "dependencies": {
        "@wix/sdk-runtime": "^0.3.22",
        "@wix/sdk-types": "^1.12.4"
      }
    },
    "node_modules/@wix/ecom_orders": {
      "version": "1.0.139",
      "resolved": "https://registry.npmjs.org/@wix/ecom_orders/-/ecom_orders-1.0.139.tgz",
      "integrity": "sha512-i+DDjaMbdKeeso855h22eVqkQ0UnRJW5PnX33eGH4TvDqfA6C+jNHZSKusHAGUVVjBWXazFiXXq1wfZHg6gnVg==",
      "dependencies": {
        "@wix/sdk-runtime": "^0.3.22",
        "@wix/sdk-types": "^1.12.4"
      }
    },
    "node_modules/@wix/ecom_orders-settings": {
      "version": "1.0.52",
      "resolved": "https://registry.npmjs.org/@wix/ecom_orders-settings/-/ecom_orders-settings-1.0.52.tgz",
      "integrity": "sha512-5locJm7qlt5qNW1w4ldVo/GTa2//UnpodEOXELDNafAZcPpNrfohF1bbldYKWNHiWx/YafpfLtHZulHaD9JVQQ==",
      "dependencies": {
        "@wix/sdk-runtime": "^0.3.22",
        "@wix/sdk-types": "^1.12.4"
      }
    },
    "node_modules/@wix/ecom_payment-settings": {
      "version": "1.0.64",
      "resolved": "https://registry.npmjs.org/@wix/ecom_payment-settings/-/ecom_payment-settings-1.0.64.tgz",
      "integrity": "sha512-CJKlhaluwqs2YEZcA+N0Zo4LNvCyTjpfg9RCN6vI90RB02IuqnZhHVUn8apwF3LpcrVB4/Qu2tBpjNhza8asKg==",
      "dependencies": {
        "@wix/sdk-runtime": "^0.3.22",
        "@wix/sdk-types": "^1.12.4"
      }
    },
    "node_modules/@wix/ecom_pickup-locations": {
      "version": "1.0.16",
      "resolved": "https://registry.npmjs.org/@wix/ecom_pickup-locations/-/ecom_pickup-locations-1.0.16.tgz",
      "integrity": "sha512-VBYt3U38kcALFpEkfTJCDWDfzIYCYFGezK42G4lRqipQ8ijMrDPLys3LCGVsUoo76IEGhxCczQUFeRsXtUzenA==",
      "dependencies": {
        "@wix/sdk-runtime": "^0.3.22",
        "@wix/sdk-types": "^1.12.4"
      }
    },
    "node_modules/@wix/ecom_recommendations": {
      "version": "1.0.49",
      "resolved": "https://registry.npmjs.org/@wix/ecom_recommendations/-/ecom_recommendations-1.0.49.tgz",
      "integrity": "sha512-rtnmsQB1309azOc8Bx/+p8dBrT7065QE7Lbg/ge2uLjFH9AgyFqdpGci1MN9Gasjj4FkWGjH/VoUda4BXCJIyg==",
      "dependencies": {
        "@wix/sdk-runtime": "^0.3.22",
        "@wix/sdk-types": "^1.12.4"
      }
    },
    "node_modules/@wix/ecom_recommendations-provider": {
      "version": "1.0.7",
      "resolved": "https://registry.npmjs.org/@wix/ecom_recommendations-provider/-/ecom_recommendations-provider-1.0.7.tgz",
      "integrity": "sha512-AoYrNQ5xwbrOOh01khc8UKU0Dy9XeN0f/+ORi3W5hdJ3F2dzw4XPhelPSK69rZzX8+eYQGfVUMSm2E70+Gq5rQ==",
      "dependencies": {
        "@wix/sdk-runtime": "^0.3.22",
        "@wix/sdk-types": "^1.12.4"
      }
    },
    "node_modules/@wix/ecom_shipping-options": {
      "version": "1.0.14",
      "resolved": "https://registry.npmjs.org/@wix/ecom_shipping-options/-/ecom_shipping-options-1.0.14.tgz",
      "integrity": "sha512-2D4SHRVRGpPtUcQLnpbEpLE2fRx+dtPizj6Uu2yB/PF/nBtKoZl/lNHgfxzIAD1BIcT3r/2NHbUgFlthR7gBAw==",
      "dependencies": {
        "@wix/sdk-runtime": "^0.3.22",
        "@wix/sdk-types": "^1.12.4"
      }
    },
    "node_modules/@wix/ecom_shipping-rates": {
      "version": "1.0.49",
      "resolved": "https://registry.npmjs.org/@wix/ecom_shipping-rates/-/ecom_shipping-rates-1.0.49.tgz",
      "integrity": "sha512-PNe5XjGYW8jYJv5O+sviw2XjT1qoO+0oedfAon9wC0JOhx3gpypvObcor+dQ6tDqiL2freVns7dg1qRP4+84OQ==",
      "dependencies": {
        "@wix/sdk-runtime": "^0.3.22",
        "@wix/sdk-types": "^1.12.4"
      }
    },
    "node_modules/@wix/ecom_shippo-configurations": {
      "version": "1.0.21",
      "resolved": "https://registry.npmjs.org/@wix/ecom_shippo-configurations/-/ecom_shippo-configurations-1.0.21.tgz",
      "integrity": "sha512-Htzv8k8dsYbBYmwq0renSt9e8VOO8qOYZPZgPTZDn/vShnklinOBHhrRnOoMvwksJvbww9MVvuRilapih+pRuA==",
      "dependencies": {
        "@wix/sdk-runtime": "^0.3.22",
        "@wix/sdk-types": "^1.12.4"
      }
    },
    "node_modules/@wix/ecom_subscription-contracts": {
      "version": "1.0.4",
      "resolved": "https://registry.npmjs.org/@wix/ecom_subscription-contracts/-/ecom_subscription-contracts-1.0.4.tgz",
      "integrity": "sha512-oaQZtxMukAcjOmm5a0b8FbDR+KhvWARVLN0Q/lW9Bzrf+aUhQkcYGPnQYjkj4rgWKDc9mw8lYoTOgsjmpiV24A==",
      "dependencies": {
        "@wix/sdk-runtime": "^0.3.22",
        "@wix/sdk-types": "^1.12.4"
      }
    },
    "node_modules/@wix/ecom_tips": {
      "version": "1.0.1",
      "resolved": "https://registry.npmjs.org/@wix/ecom_tips/-/ecom_tips-1.0.1.tgz",
      "integrity": "sha512-H6lBZHnl7VZCLBExoRI7kqa3e9z+sgbXtW8Q+RSlh75MCMYwKKFTu7YedJzC4v6OdSnYgy9OILxxFsHWHG0xqQ==",
      "dependencies": {
        "@wix/sdk-runtime": "^0.3.22",
        "@wix/sdk-types": "^1.12.4"
      }
    },
    "node_modules/@wix/ecom_totals-calculator": {
      "version": "1.0.18",
      "resolved": "https://registry.npmjs.org/@wix/ecom_totals-calculator/-/ecom_totals-calculator-1.0.18.tgz",
      "integrity": "sha512-vBQzbFSwA62A18Kx3/vt+UYl5Nx1ywFideYgnO3fSB3ZA3x0GB/C/rX6llgChSjh2qGTum4/IMOBHwpFhLQFLA==",
      "dependencies": {
        "@wix/sdk-runtime": "^0.3.22",
        "@wix/sdk-types": "^1.12.4"
      }
    },
    "node_modules/@wix/ecom_validations": {
      "version": "1.0.40",
      "resolved": "https://registry.npmjs.org/@wix/ecom_validations/-/ecom_validations-1.0.40.tgz",
      "integrity": "sha512-XovoIuVmBAUcoDlo3MMGhasYOEJ7Q2mfiffuaBLj/7X6db041i2g4LxJP0K17/FMKffyEeCu7nruAVqnhor7Ag==",
      "dependencies": {
        "@wix/sdk-runtime": "^0.3.22",
        "@wix/sdk-types": "^1.12.4"
      }
    },
    "node_modules/@wix/essentials": {
      "version": "0.1.9",
      "resolved": "https://registry.npmjs.org/@wix/essentials/-/essentials-0.1.9.tgz",
      "integrity": "sha512-zS2VaoGz6wh1VjxhQxFAVg/LRnlH09Po4u8vk3x9j9J585/Gk0x0Lu5Wcxf0suFlpQjBkAI3K2vDu6JFsp6M+Q==",
      "license": "UNLICENSED",
      "dependencies": {
        "@wix/sdk-runtime": "^0.3.23",
        "@wix/sdk-types": "^1.12.4"
      },
      "optionalDependencies": {
        "graphql": "^0.8.0 || ^0.9.0 || ^0.10.0 || ^0.11.0 || ^0.12.0 || ^0.13.0 || ^14.0.0 || ^15.0.0 || ^16.0.0 || ^17.0.0"
      }
    },
    "node_modules/@wix/events": {
      "version": "1.0.335",
      "resolved": "https://registry.npmjs.org/@wix/events/-/events-1.0.335.tgz",
      "integrity": "sha512-AGGkaIFjkoKHXYKGNowelL61/zcktD0/AEPpbyGBl2p1QnGMzqReFaSB2FL4vwDNZgpe/zLazp14z0vCaEDToA==",
      "dependencies": {
        "@wix/events_categories": "1.0.49",
        "@wix/events_forms": "1.0.52",
        "@wix/events_guests": "1.0.76",
        "@wix/events_notifications": "1.0.40",
        "@wix/events_orders": "1.0.58",
        "@wix/events_policies": "1.0.47",
        "@wix/events_ricos": "1.0.14",
        "@wix/events_rsvp": "1.0.50",
        "@wix/events_rsvp-v-2": "1.0.21",
        "@wix/events_schedule": "1.0.44",
        "@wix/events_schedule-bookmarks": "1.0.40",
        "@wix/events_staff-members": "1.0.21",
        "@wix/events_ticket-definitions": "1.0.53",
        "@wix/events_ticket-definitions-v-2": "1.0.69",
        "@wix/events_tickets": "1.0.48",
        "@wix/events_wix-events-v-2": "1.0.60"
      }
    },
    "node_modules/@wix/events_categories": {
      "version": "1.0.49",
      "resolved": "https://registry.npmjs.org/@wix/events_categories/-/events_categories-1.0.49.tgz",
      "integrity": "sha512-40bd261foRyobxwPAtQh2fmaIa3bWdmdsImWMTWawZzp+h1FO9o9jrHGOY1ZHQ259o4X3rzVx0h9Ed2TaUXjiw==",
      "dependencies": {
        "@wix/sdk-runtime": "^0.3.22",
        "@wix/sdk-types": "^1.12.4"
      }
    },
    "node_modules/@wix/events_forms": {
      "version": "1.0.52",
      "resolved": "https://registry.npmjs.org/@wix/events_forms/-/events_forms-1.0.52.tgz",
      "integrity": "sha512-0DXeChuWFbSEMzY6VYuHs37mqNf7qFAXh1yKp7dfbn8aL/2CBmB+U7tVbZ+0S4Tw6ZQiJMIJRk4dzjFS5H5A4A==",
      "dependencies": {
        "@wix/sdk-runtime": "^0.3.22",
        "@wix/sdk-types": "^1.12.4"
      }
    },
    "node_modules/@wix/events_guests": {
      "version": "1.0.76",
      "resolved": "https://registry.npmjs.org/@wix/events_guests/-/events_guests-1.0.76.tgz",
      "integrity": "sha512-bROOiTnKIr6hBAJs2mXhAsAJXli0BsXP21fb/3tTwcVrsMzOKLCcTH7akVpqqjL4ezFvZv39xMYocwgfybmyLg==",
      "dependencies": {
        "@wix/sdk-runtime": "^0.3.22",
        "@wix/sdk-types": "^1.12.4"
      }
    },
    "node_modules/@wix/events_notifications": {
      "version": "1.0.40",
      "resolved": "https://registry.npmjs.org/@wix/events_notifications/-/events_notifications-1.0.40.tgz",
      "integrity": "sha512-eaEXtCPtEj/EyZcstzrP6kmQaQM94lJE23HDwI5lj1D/E+1ROy/GReTQhaYpDmDxJoKMhzCohCTwAXmM4m5Oaw==",
      "dependencies": {
        "@wix/sdk-runtime": "^0.3.22",
        "@wix/sdk-types": "^1.12.4"
      }
    },
    "node_modules/@wix/events_orders": {
      "version": "1.0.58",
      "resolved": "https://registry.npmjs.org/@wix/events_orders/-/events_orders-1.0.58.tgz",
      "integrity": "sha512-vOWC+0P4b/38xN5tcAuvR6FCEyfieMN5mgaR30P/xqBoT6Gf0DQZDiSF2bgUvsnFWHoMqURM5rr5bZj+S4F8DA==",
      "dependencies": {
        "@wix/sdk-runtime": "^0.3.22",
        "@wix/sdk-types": "^1.12.4"
      }
    },
    "node_modules/@wix/events_policies": {
      "version": "1.0.47",
      "resolved": "https://registry.npmjs.org/@wix/events_policies/-/events_policies-1.0.47.tgz",
      "integrity": "sha512-XdnmJRZwQ5ww3JZ2zt2Kw3vcUdE6LAl+KUb7CnSyf0jCc6hqQfhYD6Yq+brgGND+VUkIFP+aikCX8XXzCl9WYA==",
      "dependencies": {
        "@wix/sdk-runtime": "^0.3.22",
        "@wix/sdk-types": "^1.12.4"
      }
    },
    "node_modules/@wix/events_ricos": {
      "version": "1.0.14",
      "resolved": "https://registry.npmjs.org/@wix/events_ricos/-/events_ricos-1.0.14.tgz",
      "integrity": "sha512-3keLlex4NIkJT+gGiaaD92jE0wi7k8iCqa/hNf2NoFKeYJatoPrxNRtN5gA8imxsH+fnbWO/4w9MjSR4zaHzpw==",
      "dependencies": {
        "@wix/sdk-runtime": "^0.3.22",
        "@wix/sdk-types": "^1.12.4"
      }
    },
    "node_modules/@wix/events_rsvp": {
      "version": "1.0.50",
      "resolved": "https://registry.npmjs.org/@wix/events_rsvp/-/events_rsvp-1.0.50.tgz",
      "integrity": "sha512-us9EyNuWGAI5494qnyj/SfkbxhC/mXtwfGWq+hV8cCdGZOPpDgve+TIgT8bem3fpXl1zTzOhdxdNsJVTU3WX2A==",
      "dependencies": {
        "@wix/sdk-runtime": "^0.3.22",
        "@wix/sdk-types": "^1.12.4"
      }
    },
    "node_modules/@wix/events_rsvp-v-2": {
      "version": "1.0.21",
      "resolved": "https://registry.npmjs.org/@wix/events_rsvp-v-2/-/events_rsvp-v-2-1.0.21.tgz",
      "integrity": "sha512-fWFWide7bz1uvcJ7KuY/7vprh6V/NrxmOFd22LZFXFApQp7YsCiZqm36KXM1X/g0F+zORuXkJ5HXMnRtuBzJRQ==",
      "dependencies": {
        "@wix/sdk-runtime": "^0.3.22",
        "@wix/sdk-types": "^1.12.4"
      }
    },
    "node_modules/@wix/events_schedule": {
      "version": "1.0.44",
      "resolved": "https://registry.npmjs.org/@wix/events_schedule/-/events_schedule-1.0.44.tgz",
      "integrity": "sha512-agGxXSgCDYZEN5hdnWbYTh0U6NRvUT8vgHIwvYk4LLwsf/y3RK8JzPjRpEsyP9oitlLFC1ygt86BMaXtm5aIcQ==",
      "dependencies": {
        "@wix/sdk-runtime": "^0.3.22",
        "@wix/sdk-types": "^1.12.4"
      }
    },
    "node_modules/@wix/events_schedule-bookmarks": {
      "version": "1.0.40",
      "resolved": "https://registry.npmjs.org/@wix/events_schedule-bookmarks/-/events_schedule-bookmarks-1.0.40.tgz",
      "integrity": "sha512-1qoB2/LtTHR2FcmhYSjQQDN3AS+dVNG5JOjtT/oxudSkbvc8fc3gnotz/XJtCBnuyuddqOartPRnpKZ3rdRrTQ==",
      "dependencies": {
        "@wix/sdk-runtime": "^0.3.22",
        "@wix/sdk-types": "^1.12.4"
      }
    },
    "node_modules/@wix/events_staff-members": {
      "version": "1.0.21",
      "resolved": "https://registry.npmjs.org/@wix/events_staff-members/-/events_staff-members-1.0.21.tgz",
      "integrity": "sha512-W1e41lABNfEYwhVHIyCrKjsHLqr03GdhllKTzYRjXqZeTUOeTFWG/6eGAjLxNYYczGxk9jACqBNOzchP5ggPXQ==",
      "dependencies": {
        "@wix/sdk-runtime": "^0.3.22",
        "@wix/sdk-types": "^1.12.4"
      }
    },
    "node_modules/@wix/events_ticket-definitions": {
      "version": "1.0.53",
      "resolved": "https://registry.npmjs.org/@wix/events_ticket-definitions/-/events_ticket-definitions-1.0.53.tgz",
      "integrity": "sha512-U1Y58n2mw5QZAQBKLUKBLTEQxyTcvCzYelJ6HWZ2ICbVmMRoaWYxwC4FEUaOOiL+DnStiKBnmgwjg6hWxzJJnQ==",
      "dependencies": {
        "@wix/sdk-runtime": "^0.3.22",
        "@wix/sdk-types": "^1.12.4"
      }
    },
    "node_modules/@wix/events_ticket-definitions-v-2": {
      "version": "1.0.69",
      "resolved": "https://registry.npmjs.org/@wix/events_ticket-definitions-v-2/-/events_ticket-definitions-v-2-1.0.69.tgz",
      "integrity": "sha512-6seOW32GOiu50zxg+pjBKKVb8p/L51C9/LYQZORjtepufwjvdFkWEqujCAxgumQOJ0nIJqSFTIx/Ir/SxpAAPw==",
      "dependencies": {
        "@wix/sdk-runtime": "^0.3.22",
        "@wix/sdk-types": "^1.12.4"
      }
    },
    "node_modules/@wix/events_tickets": {
      "version": "1.0.48",
      "resolved": "https://registry.npmjs.org/@wix/events_tickets/-/events_tickets-1.0.48.tgz",
      "integrity": "sha512-HtrNWIj0t+osIxQt0aeM62KhWZ2Om89WleGfmiqh4hRG4RpvfQQFpwfr5xdo5VZGqJ3l/J432qcKjuIcym3QaQ==",
      "dependencies": {
        "@wix/sdk-runtime": "^0.3.22",
        "@wix/sdk-types": "^1.12.4"
      }
    },
    "node_modules/@wix/events_wix-events-v-2": {
      "version": "1.0.60",
      "resolved": "https://registry.npmjs.org/@wix/events_wix-events-v-2/-/events_wix-events-v-2-1.0.60.tgz",
      "integrity": "sha512-8ys0c6YVmM4eBEo28mFr/hTLjZERWoPB7xwiZTgLwwKK2w95P893UBhUVtcVFxSzJiou/spXpbDrXejGxg/BiA==",
      "dependencies": {
        "@wix/sdk-runtime": "^0.3.22",
        "@wix/sdk-types": "^1.12.4"
      }
    },
    "node_modules/@wix/sdk-context": {
      "version": "0.0.1",
      "resolved": "https://registry.npmjs.org/@wix/sdk-context/-/sdk-context-0.0.1.tgz",
      "integrity": "sha512-ziSzrceUC0KFn4IJIVBn1cXXKrZ49ZKG5tQ6fl+TpontyUw5p/Z4VofFUUsnqNl9JYCpYNTzIXpzwok93Vrl8A==",
      "license": "UNLICENSED"
    },
    "node_modules/@wix/sdk-runtime": {
      "version": "0.3.23",
      "resolved": "https://registry.npmjs.org/@wix/sdk-runtime/-/sdk-runtime-0.3.23.tgz",
      "integrity": "sha512-1H7qJAymrCe6zxMFTqha8UD42eN8fLLn/oJd5KS9FLA3ZfFVMjkDq8yLrzLEtU8BlT6LOtkM0IZS78YlyrURiw==",
      "license": "UNLICENSED",
      "dependencies": {
        "@wix/sdk-context": "^0.0.1",
        "@wix/sdk-types": "^1.12.4"
      }
    },
    "node_modules/@wix/sdk-types": {
      "version": "1.12.4",
      "resolved": "https://registry.npmjs.org/@wix/sdk-types/-/sdk-types-1.12.4.tgz",
      "integrity": "sha512-Y7sV75riuQc67yqKi0msi7V++iU45d6eXHmiavBbmADDJsTilHqWAi0ulqpm4SF2BrrRgybDkgPpGRTHVy9E0g==",
      "license": "UNLICENSED"
    },
    "node_modules/@wix/stores": {
      "version": "1.0.282",
      "resolved": "https://registry.npmjs.org/@wix/stores/-/stores-1.0.282.tgz",
      "integrity": "sha512-ZWbL0KEZ+4jwpXtFpAUH6hTzwZz8WxxKAMpS6BFB80h6ONA7NffDlChy/FNh09o3DKkIgElRHIO5lhEJgh/g2g==",
      "dependencies": {
        "@wix/stores_brands-v-3": "1.0.19",
        "@wix/stores_catalog-versioning": "1.0.12",
        "@wix/stores_collections": "1.0.45",
        "@wix/stores_customizations-v-3": "1.0.20",
        "@wix/stores_info-sections-v-3": "1.0.22",
        "@wix/stores_inventory": "1.0.57",
        "@wix/stores_inventory-items-v-3": "1.0.24",
        "@wix/stores_products": "1.0.82",
        "@wix/stores_products-v-3": "1.0.64",
        "@wix/stores_ribbons-v-3": "1.0.20",
        "@wix/stores_stores-locations-v-3": "1.0.21",
        "@wix/stores_subscription-options": "1.0.44",
        "@wix/stores_wishlist": "1.0.37"
      }
    },
    "node_modules/@wix/stores_brands-v-3": {
      "version": "1.0.19",
      "resolved": "https://registry.npmjs.org/@wix/stores_brands-v-3/-/stores_brands-v-3-1.0.19.tgz",
      "integrity": "sha512-EAE3DQps3KxMgpmcIXexiinh+HMaWlo6Oo9axt1xLTFEYFV1vY5X0AzGqafMut07EqPZZOTo2HB7rpSVGVVgDw==",
      "dependencies": {
        "@wix/sdk-runtime": "^0.3.22",
        "@wix/sdk-types": "^1.12.4"
      }
    },
    "node_modules/@wix/stores_catalog-versioning": {
      "version": "1.0.12",
      "resolved": "https://registry.npmjs.org/@wix/stores_catalog-versioning/-/stores_catalog-versioning-1.0.12.tgz",
      "integrity": "sha512-hTzWlBtwy+x7UZuF9la2ULdSSf+fT7kRGuy9ZBpZkBL/PZYWVfzTBCaOMHZXjf8PA0cfDO01EsR//OZqIP6aZw==",
      "dependencies": {
        "@wix/sdk-runtime": "^0.3.22",
        "@wix/sdk-types": "^1.12.4"
      }
    },
    "node_modules/@wix/stores_collections": {
      "version": "1.0.45",
      "resolved": "https://registry.npmjs.org/@wix/stores_collections/-/stores_collections-1.0.45.tgz",
      "integrity": "sha512-BsB3FgkoTnSutIckVz+LTnTHy54l9Nb8mvhN9SR2D8G6hg502j0rl2lyywK/79rYQvJuwABDyet2vUhqWwzpjQ==",
      "dependencies": {
        "@wix/sdk-runtime": "^0.3.22",
        "@wix/sdk-types": "^1.12.4"
      }
    },
    "node_modules/@wix/stores_customizations-v-3": {
      "version": "1.0.20",
      "resolved": "https://registry.npmjs.org/@wix/stores_customizations-v-3/-/stores_customizations-v-3-1.0.20.tgz",
      "integrity": "sha512-tO5FV0xbeoqTST94sTK4vV0lh3imQul1UJtNlsMsxUHh5UsAQw42MazfFiVZFZANLU+Gf231FDqSIZmmvy357A==",
      "dependencies": {
        "@wix/sdk-runtime": "^0.3.22",
        "@wix/sdk-types": "^1.12.4"
      }
    },
    "node_modules/@wix/stores_info-sections-v-3": {
      "version": "1.0.22",
      "resolved": "https://registry.npmjs.org/@wix/stores_info-sections-v-3/-/stores_info-sections-v-3-1.0.22.tgz",
      "integrity": "sha512-MibdWPCU1JOzzZeN8NyLxzGDUr0Fiq00K1tOt/n1//BzbpCwX9A2t8HmgkJHugZtHyNkxuFRMAd8ExtXcluKPQ==",
      "dependencies": {
        "@wix/sdk-runtime": "^0.3.22",
        "@wix/sdk-types": "^1.12.4"
      }
    },
    "node_modules/@wix/stores_inventory": {
      "version": "1.0.57",
      "resolved": "https://registry.npmjs.org/@wix/stores_inventory/-/stores_inventory-1.0.57.tgz",
      "integrity": "sha512-2THp6VAxug/It8hxoukKzjbxDKHXTzP25IzZeUjeKdZMFMMJRZUbKKtMPiNKAuHxhklRDV0/shJSPTmyvdOzAQ==",
      "dependencies": {
        "@wix/sdk-runtime": "^0.3.22",
        "@wix/sdk-types": "^1.12.4"
      }
    },
    "node_modules/@wix/stores_inventory-items-v-3": {
      "version": "1.0.24",
      "resolved": "https://registry.npmjs.org/@wix/stores_inventory-items-v-3/-/stores_inventory-items-v-3-1.0.24.tgz",
      "integrity": "sha512-VOZAg9M7J2TngUK9pUlKmxXDDmcpy1vGWDmg+sT6yz/orOZ05E9swuxLX05mtepKoH/wlOMEBTvLI0jL7B22WQ==",
      "dependencies": {
        "@wix/sdk-runtime": "^0.3.22",
        "@wix/sdk-types": "^1.12.4"
      }
    },
    "node_modules/@wix/stores_products": {
      "version": "1.0.82",
      "resolved": "https://registry.npmjs.org/@wix/stores_products/-/stores_products-1.0.82.tgz",
      "integrity": "sha512-hokRKXVdk273b1YwXdWnV+PPWqc3D+009uX0R/pgu5oetDwfZDIbWgsjyMfUFQzasKiCdBQFiQYP9qgOHQfKfQ==",
      "dependencies": {
        "@wix/sdk-runtime": "^0.3.22",
        "@wix/sdk-types": "^1.12.4"
      }
    },
    "node_modules/@wix/stores_products-v-3": {
      "version": "1.0.64",
      "resolved": "https://registry.npmjs.org/@wix/stores_products-v-3/-/stores_products-v-3-1.0.64.tgz",
      "integrity": "sha512-1lluViuy/T0izgQ/wwPq85b1XUdXkv/nHO8hJ1RYl/9OJnJl4N8AR3a2spSuz1ewTsl6fSkUUhEG+n1NyHd7ng==",
      "dependencies": {
        "@wix/sdk-runtime": "^0.3.22",
        "@wix/sdk-types": "^1.12.4"
      }
    },
    "node_modules/@wix/stores_ribbons-v-3": {
      "version": "1.0.20",
      "resolved": "https://registry.npmjs.org/@wix/stores_ribbons-v-3/-/stores_ribbons-v-3-1.0.20.tgz",
      "integrity": "sha512-V6jf0TAcld4fLoYNRy95DbqOrPzuZbiX086amwvDFzBuRheJvTUxtDI+GSCr2R7Eoanlp/HL4uhBgceyNr80wA==",
      "dependencies": {
        "@wix/sdk-runtime": "^0.3.22",
        "@wix/sdk-types": "^1.12.4"
      }
    },
    "node_modules/@wix/stores_stores-locations-v-3": {
      "version": "1.0.21",
      "resolved": "https://registry.npmjs.org/@wix/stores_stores-locations-v-3/-/stores_stores-locations-v-3-1.0.21.tgz",
      "integrity": "sha512-1551C5uirCPWorNzVhDtJJrwfXre9UEo15gh3+YBiYWtthNsc30msGbMUDw0UZsQbLAcaZ+1zDXayEqnrGaNVg==",
      "dependencies": {
        "@wix/sdk-runtime": "^0.3.22",
        "@wix/sdk-types": "^1.12.4"
      }
    },
    "node_modules/@wix/stores_subscription-options": {
      "version": "1.0.44",
      "resolved": "https://registry.npmjs.org/@wix/stores_subscription-options/-/stores_subscription-options-1.0.44.tgz",
      "integrity": "sha512-UGe8HTyS9p8FIc6a/QyTt+MvLqgtQ4Cw3+BhT6O2boLRLnBigkr8JXKkoFoqO9FucKrdMmtBiKlho/Dsgsi0vg==",
      "dependencies": {
        "@wix/sdk-runtime": "^0.3.22",
        "@wix/sdk-types": "^1.12.4"
      }
    },
    "node_modules/@wix/stores_wishlist": {
      "version": "1.0.37",
      "resolved": "https://registry.npmjs.org/@wix/stores_wishlist/-/stores_wishlist-1.0.37.tgz",
      "integrity": "sha512-GZeLxfACPjX1nb0bNMQdA7y4BMMEHGpmNg3X+ISVZ3SrO5PFPQTWfNp6E3h56ycqlNCTXKXJOdFoaO+0qHPzCg==",
      "dependencies": {
        "@wix/sdk-runtime": "^0.3.22",
        "@wix/sdk-types": "^1.12.4"
      }
    },
    "node_modules/graphql": {
      "version": "16.9.0",
      "resolved": "https://registry.npmjs.org/graphql/-/graphql-16.9.0.tgz",
      "integrity": "sha512-GGTKBX4SD7Wdb8mqeDLni2oaRGYQWjWHGKPQ24ZMnUtKfcsVoiv4uX8+LJr1K6U5VW2Lu1BwJnj7uiori0YtRw==",
      "license": "MIT",
      "optional": true,
      "engines": {
        "node": "^12.22.0 || ^14.16.0 || ^16.0.0 || >=17.0.0"
      }
    },
    "node_modules/lodash": {
      "version": "4.17.21",
      "resolved": "https://registry.npmjs.org/lodash/-/lodash-4.17.21.tgz",
      "integrity": "sha512-v2kDEe57lecTulaDIuNTPy3Ry4gLGJ6Z1O3vE1krgXZNrsQ+LFTGHVxVjcXPs17LhbZVGedAJv8XZ1tvj5FvSg==",
      "license": "MIT"
    },
    "node_modules/prettier": {
      "version": "3.3.3",
      "resolved": "https://registry.npmjs.org/prettier/-/prettier-3.3.3.tgz",
      "integrity": "sha512-i2tDNA0O5IrMO757lfrdQZCc2jPNDVntV0m/+4whiDfWaTKfMNgR7Qz0NAeGz/nRqF4m5/6CLzbP4/liHt12Ew==",
      "dev": true,
      "license": "MIT",
      "bin": {
        "prettier": "bin/prettier.cjs"
      },
      "engines": {
        "node": ">=14"
      },
      "funding": {
        "url": "https://github.com/prettier/prettier?sponsor=1"
      }
    },
    "node_modules/typescript": {
      "version": "5.6.3",
      "resolved": "https://registry.npmjs.org/typescript/-/typescript-5.6.3.tgz",
      "integrity": "sha512-hjcS1mhfuyi4WW8IWtjP7brDrG2cuDZukyrYrSauoXGNgx0S7zceP07adYkJycEr56BOUTNPzbInooiN3fn1qw==",
      "dev": true,
      "license": "Apache-2.0",
      "bin": {
        "tsc": "bin/tsc",
        "tsserver": "bin/tsserver"
      },
      "engines": {
        "node": ">=14.17"
      }
    }
  }
}
